
Microsoft Visual Studio Solution File, Format Version 12.00
# Visual Studio Version 16
VisualStudioVersion = 16.0.31911.196
MinimumVisualStudioVersion = 10.0.40219.1
Project("{FAE04EC0-301F-11D3-BF4B-00C04F79EFBC}") = "Work8.1", "Example8.1\Work8.1.csproj", "{96479DD5-DAF8-4890-BF4B-6EB2D2B62E82}"
EndProject
Project("{FAE04EC0-301F-11D3-BF4B-00C04F79EFBC}") = "8.2", "8.2\8.2.csproj", "{C1AD4589-F2BB-4E12-95F6-A1E1D7FF79D8}"
EndProject
Global
	GlobalSection(SolutionConfigurationPlatforms) = preSolution
		Debug|Any CPU = Debug|Any CPU
		Release|Any CPU = Release|Any CPU
	EndGlobalSection
	GlobalSection(ProjectConfigurationPlatforms) = postSolution
		{96479DD5-DAF8-4890-BF4B-6EB2D2B62E82}.Debug|Any CPU.ActiveCfg = Debug|Any CPU
		{96479DD5-DAF8-4890-BF4B-6EB2D2B62E82}.Debug|Any CPU.Build.0 = Debug|Any CPU
		{96479DD5-DAF8-4890-BF4B-6EB2D2B62E82}.Release|Any CPU.ActiveCfg = Release|Any CPU
		{96479DD5-DAF8-4890-BF4B-6EB2D2B62E82}.Release|Any CPU.Build.0 = Release|Any CPU
		{C1AD4589-F2BB-4E12-95F6-A1E1D7FF79D8}.Debug|Any CPU.ActiveCfg = Debug|Any CPU
		{C1AD4589-F2BB-4E12-95F6-A1E1D7FF79D8}.Debug|Any CPU.Build.0 = Debug|Any CPU
		{C1AD4589-F2BB-4E12-95F6-A1E1D7FF79D8}.Release|Any CPU.ActiveCfg = Release|Any CPU
		{C1AD4589-F2BB-4E12-95F6-A1E1D7FF79D8}.Release|Any CPU.Build.0 = Release|Any CPU
	EndGlobalSection
	GlobalSection(SolutionProperties) = preSolution
		HideSolutionNode = FALSE
	EndGlobalSection
	GlobalSection(ExtensibilityGlobals) = postSolution
		SolutionGuid = {7530BE8E-49AB-499D-94B4-2D81BF39F852}
	EndGlobalSection
EndGlobal
